// !$*UTF8*$!
{
	archiveVersion = 1;
	classes = {
	};
	objectVersion = 48;
	objects = {

/* Begin PBXBuildFile section */
		669973D31F64A15B004ED5B3 /* main.swift in Sources */ = {isa = PBXBuildFile; fileRef = 669973D21F64A15B004ED5B3 /* main.swift */; };
		669973DA1F64A5E8004ED5B3 /* ArgParse.swift in Sources */ = {isa = PBXBuildFile; fileRef = 669973D91F64A5E8004ED5B3 /* ArgParse.swift */; };
		669973E51F652D26004ED5B3 /* ArgParseTests.swift in Sources */ = {isa = PBXBuildFile; fileRef = 669973E41F652D26004ED5B3 /* ArgParseTests.swift */; };
		669973EB1F652D5C004ED5B3 /* ArgParse.swift in Sources */ = {isa = PBXBuildFile; fileRef = 669973D91F64A5E8004ED5B3 /* ArgParse.swift */; };
/* End PBXBuildFile section */

/* Begin PBXCopyFilesBuildPhase section */
		669973CD1F64A15B004ED5B3 /* CopyFiles */ = {
			isa = PBXCopyFilesBuildPhase;
			buildActionMask = 2147483647;
			dstPath = /usr/share/man/man1/;
			dstSubfolderSpec = 0;
			files = (
			);
			runOnlyForDeploymentPostprocessing = 1;
		};
/* End PBXCopyFilesBuildPhase section */

/* Begin PBXFileReference section */
		669973CF1F64A15B004ED5B3 /* SwiftArgParse */ = {isa = PBXFileReference; explicitFileType = "compiled.mach-o.executable"; includeInIndex = 0; path = SwiftArgParse; sourceTree = BUILT_PRODUCTS_DIR; };
		669973D21F64A15B004ED5B3 /* main.swift */ = {isa = PBXFileReference; lastKnownFileType = sourcecode.swift; path = main.swift; sourceTree = "<group>"; };
		669973D91F64A5E8004ED5B3 /* ArgParse.swift */ = {isa = PBXFileReference; lastKnownFileType = sourcecode.swift; path = ArgParse.swift; sourceTree = "<group>"; };
		669973E21F652D26004ED5B3 /* ArgParseTests.xctest */ = {isa = PBXFileReference; explicitFileType = wrapper.cfbundle; includeInIndex = 0; path = ArgParseTests.xctest; sourceTree = BUILT_PRODUCTS_DIR; };
		669973E41F652D26004ED5B3 /* ArgParseTests.swift */ = {isa = PBXFileReference; lastKnownFileType = sourcecode.swift; path = ArgParseTests.swift; sourceTree = "<group>"; };
		669973E61F652D26004ED5B3 /* Info.plist */ = {isa = PBXFileReference; lastKnownFileType = text.plist.xml; path = Info.plist; sourceTree = "<group>"; };
/* End PBXFileReference section */

/* Begin PBXFrameworksBuildPhase section */
		669973CC1F64A15B004ED5B3 /* Frameworks */ = {
			isa = PBXFrameworksBuildPhase;
			buildActionMask = 2147483647;
			files = (
			);
			runOnlyForDeploymentPostprocessing = 0;
		};
		669973DF1F652D26004ED5B3 /* Frameworks */ = {
			isa = PBXFrameworksBuildPhase;
			buildActionMask = 2147483647;
			files = (
			);
			runOnlyForDeploymentPostprocessing = 0;
		};
/* End PBXFrameworksBuildPhase section */

/* Begin PBXGroup section */
		669973C61F64A15B004ED5B3 = {
			isa = PBXGroup;
			children = (
				669973D11F64A15B004ED5B3 /* SwiftArgParse */,
				669973E31F652D26004ED5B3 /* ArgParseTests */,
				669973D01F64A15B004ED5B3 /* Products */,
			);
			sourceTree = "<group>";
		};
		669973D01F64A15B004ED5B3 /* Products */ = {
			isa = PBXGroup;
			children = (
				669973CF1F64A15B004ED5B3 /* SwiftArgParse */,
				669973E21F652D26004ED5B3 /* ArgParseTests.xctest */,
			);
			name = Products;
			sourceTree = "<group>";
		};
		669973D11F64A15B004ED5B3 /* SwiftArgParse */ = {
			isa = PBXGroup;
			children = (
				669973D21F64A15B004ED5B3 /* main.swift */,
				669973D91F64A5E8004ED5B3 /* ArgParse.swift */,
			);
			path = SwiftArgParse;
			sourceTree = "<group>";
		};
		669973E31F652D26004ED5B3 /* ArgParseTests */ = {
			isa = PBXGroup;
			children = (
				669973E41F652D26004ED5B3 /* ArgParseTests.swift */,
				669973E61F652D26004ED5B3 /* Info.plist */,
			);
			path = ArgParseTests;
			sourceTree = "<group>";
		};
/* End PBXGroup section */

/* Begin PBXNativeTarget section */
		669973CE1F64A15B004ED5B3 /* SwiftArgParse */ = {
			isa = PBXNativeTarget;
			buildConfigurationList = 669973D61F64A15B004ED5B3 /* Build configuration list for PBXNativeTarget "SwiftArgParse" */;
			buildPhases = (
				669973CB1F64A15B004ED5B3 /* Sources */,
				669973CC1F64A15B004ED5B3 /* Frameworks */,
				669973CD1F64A15B004ED5B3 /* CopyFiles */,
			);
			buildRules = (
			);
			dependencies = (
			);
			name = SwiftArgParse;
			productName = SwiftArgParse;
			productReference = 669973CF1F64A15B004ED5B3 /* SwiftArgParse */;
			productType = "com.apple.product-type.tool";
		};
		669973E11F652D26004ED5B3 /* ArgParseTests */ = {
			isa = PBXNativeTarget;
			buildConfigurationList = 669973E71F652D26004ED5B3 /* Build configuration list for PBXNativeTarget "ArgParseTests" */;
			buildPhases = (
				669973DE1F652D26004ED5B3 /* Sources */,
				669973DF1F652D26004ED5B3 /* Frameworks */,
				669973E01F652D26004ED5B3 /* Resources */,
			);
			buildRules = (
			);
			dependencies = (
			);
			name = ArgParseTests;
			productName = ArgParseTests;
			productReference = 669973E21F652D26004ED5B3 /* ArgParseTests.xctest */;
			productType = "com.apple.product-type.bundle.unit-test";
		};
/* End PBXNativeTarget section */

/* Begin PBXProject section */
		669973C71F64A15B004ED5B3 /* Project object */ = {
			isa = PBXProject;
			attributes = {
				LastSwiftUpdateCheck = 0900;
				LastUpgradeCheck = 0900;
				ORGANIZATIONNAME = "Avihu Turzion";
				TargetAttributes = {
					669973CE1F64A15B004ED5B3 = {
						CreatedOnToolsVersion = 9.0;
						ProvisioningStyle = Automatic;
					};
					669973E11F652D26004ED5B3 = {
						CreatedOnToolsVersion = 9.0;
						ProvisioningStyle = Automatic;
					};
				};
			};
			buildConfigurationList = 669973CA1F64A15B004ED5B3 /* Build configuration list for PBXProject "SwiftArgParse" */;
			compatibilityVersion = "Xcode 8.0";
			developmentRegion = en;
			hasScannedForEncodings = 0;
			knownRegions = (
				en,
			);
			mainGroup = 669973C61F64A15B004ED5B3;
			productRefGroup = 669973D01F64A15B004ED5B3 /* Products */;
			projectDirPath = "";
			projectRoot = "";
			targets = (
				669973CE1F64A15B004ED5B3 /* SwiftArgParse */,
				669973E11F652D26004ED5B3 /* ArgParseTests */,
			);
		};
/* End PBXProject section */

/* Begin PBXResourcesBuildPhase section */
		669973E01F652D26004ED5B3 /* Resources */ = {
			isa = PBXResourcesBuildPhase;
			buildActionMask = 2147483647;
			files = (
			);
			runOnlyForDeploymentPostprocessing = 0;
		};
/* End PBXResourcesBuildPhase section */

/* Begin PBXSourcesBuildPhase section */
		669973CB1F64A15B004ED5B3 /* Sources */ = {
			isa = PBXSourcesBuildPhase;
			buildActionMask = 2147483647;
			files = (
				669973DA1F64A5E8004ED5B3 /* ArgParse.swift in Sources */,
				669973D31F64A15B004ED5B3 /* main.swift in Sources */,
			);
			runOnlyForDeploymentPostprocessing = 0;
		};
		669973DE1F652D26004ED5B3 /* Sources */ = {
			isa = PBXSourcesBuildPhase;
			buildActionMask = 2147483647;
			files = (
				669973EB1F652D5C004ED5B3 /* ArgParse.swift in Sources */,
				669973E51F652D26004ED5B3 /* ArgParseTests.swift in Sources */,
			);
			runOnlyForDeploymentPostprocessing = 0;
		};
/* End PBXSourcesBuildPhase section */

/* Begin XCBuildConfiguration section */
		669973D41F64A15B004ED5B3 /* Debug */ = {
			isa = XCBuildConfiguration;
			buildSettings = {
				ALWAYS_SEARCH_USER_PATHS = NO;
				CLANG_ANALYZER_NONNULL = YES;
				CLANG_ANALYZER_NUMBER_OBJECT_CONVERSION = YES_AGGRESSIVE;
				CLANG_CXX_LANGUAGE_STANDARD = "gnu++14";
				CLANG_CXX_LIBRARY = "libc++";
				CLANG_ENABLE_MODULES = YES;
				CLANG_ENABLE_OBJC_ARC = YES;
				CLANG_WARN_BLOCK_CAPTURE_AUTORELEASING = YES;
				CLANG_WARN_BOOL_CONVERSION = YES;
				CLANG_WARN_COMMA = YES;
				CLANG_WARN_CONSTANT_CONVERSION = YES;
				CLANG_WARN_DIRECT_OBJC_ISA_USAGE = YES_ERROR;
				CLANG_WARN_DOCUMENTATION_COMMENTS = YES;
				CLANG_WARN_EMPTY_BODY = YES;
				CLANG_WARN_ENUM_CONVERSION = YES;
				CLANG_WARN_INFINITE_RECURSION = YES;
				CLANG_WARN_INT_CONVERSION = YES;
				CLANG_WARN_NON_LITERAL_NULL_CONVERSION = YES;
				CLANG_WARN_OBJC_LITERAL_CONVERSION = YES;
				CLANG_WARN_OBJC_ROOT_CLASS = YES_ERROR;
				CLANG_WARN_RANGE_LOOP_ANALYSIS = YES;
				CLANG_WARN_STRICT_PROTOTYPES = YES;
				CLANG_WARN_SUSPICIOUS_MOVE = YES;
				CLANG_WARN_UNGUARDED_AVAILABILITY = YES_AGGRESSIVE;
				CLANG_WARN_UNREACHABLE_CODE = YES;
				CLANG_WARN__DUPLICATE_METHOD_MATCH = YES;
				CODE_SIGN_IDENTITY = "Mac Developer";
				COPY_PHASE_STRIP = NO;
				DEBUG_INFORMATION_FORMAT = dwarf;
				ENABLE_STRICT_OBJC_MSGSEND = YES;
				ENABLE_TESTABILITY = YES;
				GCC_C_LANGUAGE_STANDARD = gnu11;
				GCC_DYNAMIC_NO_PIC = NO;
				GCC_NO_COMMON_BLOCKS = YES;
				GCC_OPTIMIZATION_LEVEL = 0;
				GCC_PREPROCESSOR_DEFINITIONS = (
					"DEBUG=1",
					"$(inherited)",
				);
				GCC_WARN_64_TO_32_BIT_CONVERSION = YES;
				GCC_WARN_ABOUT_RETURN_TYPE = YES_ERROR;
				GCC_WARN_UNDECLARED_SELECTOR = YES;
				GCC_WARN_UNINITIALIZED_AUTOS = YES_AGGRESSIVE;
				GCC_WARN_UNUSED_FUNCTION = YES;
				GCC_WARN_UNUSED_VARIABLE = YES;
				MACOSX_DEPLOYMENT_TARGET = 10.12;
				MTL_ENABLE_DEBUG_INFO = YES;
				ONLY_ACTIVE_ARCH = YES;
				SDKROOT = macosx;
				SWIFT_ACTIVE_COMPILATION_CONDITIONS = DEBUG;
				SWIFT_OPTIMIZATION_LEVEL = "-Onone";
			};
			name = Debug;
		};
		669973D51F64A15B004ED5B3 /* Release */ = {
			isa = XCBuildConfiguration;
			buildSettings = {
				ALWAYS_SEARCH_USER_PATHS = NO;
				CLANG_ANALYZER_NONNULL = YES;
				CLANG_ANALYZER_NUMBER_OBJECT_CONVERSION = YES_AGGRESSIVE;
				CLANG_CXX_LANGUAGE_STANDARD = "gnu++14";
				CLANG_CXX_LIBRARY = "libc++";
				CLANG_ENABLE_MODULES = YES;
				CLANG_ENABLE_OBJC_ARC = YES;
				CLANG_WARN_BLOCK_CAPTURE_AUTORELEASING = YES;
				CLANG_WARN_BOOL_CONVERSION = YES;
				CLANG_WARN_COMMA = YES;
				CLANG_WARN_CONSTANT_CONVERSION = YES;
				CLANG_WARN_DIRECT_OBJC_ISA_USAGE = YES_ERROR;
				CLANG_WARN_DOCUMENTATION_COMMENTS = YES;
				CLANG_WARN_EMPTY_BODY = YES;
				CLANG_WARN_ENUM_CONVERSION = YES;
				CLANG_WARN_INFINITE_RECURSION = YES;
				CLANG_WARN_INT_CONVERSION = YES;
				CLANG_WARN_NON_LITERAL_NULL_CONVERSION = YES;
				CLANG_WARN_OBJC_LITERAL_CONVERSION = YES;
				CLANG_WARN_OBJC_ROOT_CLASS = YES_ERROR;
				CLANG_WARN_RANGE_LOOP_ANALYSIS = YES;
				CLANG_WARN_STRICT_PROTOTYPES = YES;
				CLANG_WARN_SUSPICIOUS_MOVE = YES;
				CLANG_WARN_UNGUARDED_AVAILABILITY = YES_AGGRESSIVE;
				CLANG_WARN_UNREACHABLE_CODE = YES;
				CLANG_WARN__DUPLICATE_METHOD_MATCH = YES;
				CODE_SIGN_IDENTITY = "Mac Developer";
				COPY_PHASE_STRIP = NO;
				DEBUG_INFORMATION_FORMAT = "dwarf-with-dsym";
				ENABLE_NS_ASSERTIONS = NO;
				ENABLE_STRICT_OBJC_MSGSEND = YES;
				GCC_C_LANGUAGE_STANDARD = gnu11;
				GCC_NO_COMMON_BLOCKS = YES;
				GCC_WARN_64_TO_32_BIT_CONVERSION = YES;
				GCC_WARN_ABOUT_RETURN_TYPE = YES_ERROR;
				GCC_WARN_UNDECLARED_SELECTOR = YES;
				GCC_WARN_UNINITIALIZED_AUTOS = YES_AGGRESSIVE;
				GCC_WARN_UNUSED_FUNCTION = YES;
				GCC_WARN_UNUSED_VARIABLE = YES;
				MACOSX_DEPLOYMENT_TARGET = 10.12;
				MTL_ENABLE_DEBUG_INFO = NO;
				SDKROOT = macosx;
				SWIFT_OPTIMIZATION_LEVEL = "-Owholemodule";
			};
			name = Release;
		};
		669973D71F64A15B004ED5B3 /* Debug */ = {
			isa = XCBuildConfiguration;
			buildSettings = {
				CODE_SIGN_STYLE = Automatic;
				DEVELOPMENT_TEAM = QNT889H433;
				PRODUCT_NAME = "$(TARGET_NAME)";
				SWIFT_VERSION = 4.0;
			};
			name = Debug;
		};
		669973D81F64A15B004ED5B3 /* Release */ = {
			isa = XCBuildConfiguration;
			buildSettings = {
				CODE_SIGN_STYLE = Automatic;
				DEVELOPMENT_TEAM = QNT889H433;
				PRODUCT_NAME = "$(TARGET_NAME)";
				SWIFT_VERSION = 4.0;
			};
			name = Release;
		};
		669973E81F652D26004ED5B3 /* Debug */ = {
			isa = XCBuildConfiguration;
			buildSettings = {
				CODE_SIGN_STYLE = Automatic;
				COMBINE_HIDPI_IMAGES = YES;
				DEVELOPMENT_TEAM = QNT889H433;
				INFOPLIST_FILE = ArgParseTests/Info.plist;
				LD_RUNPATH_SEARCH_PATHS = "$(inherited) @executable_path/../Frameworks @loader_path/../Frameworks";
				PRODUCT_BUNDLE_IDENTIFIER = com.turzion.ArgParseTests;
				PRODUCT_NAME = "$(TARGET_NAME)";
				SWIFT_VERSION = 4.0;
			};
			name = Debug;
		};
		669973E91F652D26004ED5B3 /* Release */ = {
			isa = XCBuildConfiguration;
			buildSettings = {
				CODE_SIGN_STYLE = Automatic;
				COMBINE_HIDPI_IMAGES = YES;
				DEVELOPMENT_TEAM = QNT889H433;
				INFOPLIST_FILE = ArgParseTests/Info.plist;
				LD_RUNPATH_SEARCH_PATHS = "$(inherited) @executable_path/../Frameworks @loader_path/../Frameworks";
				PRODUCT_BUNDLE_IDENTIFIER = com.turzion.ArgParseTests;
				PRODUCT_NAME = "$(TARGET_NAME)";
				SWIFT_VERSION = 4.0;
			};
			name = Release;
		};
/* End XCBuildConfiguration section */

/* Begin XCConfigurationList section */
		669973CA1F64A15B004ED5B3 /* Build configuration list for PBXProject "SwiftArgParse" */ = {
			isa = XCConfigurationList;
			buildConfigurations = (
				669973D41F64A15B004ED5B3 /* Debug */,
				669973D51F64A15B004ED5B3 /* Release */,
			);
			defaultConfigurationIsVisible = 0;
			defaultConfigurationName = Release;
		};
		669973D61F64A15B004ED5B3 /* Build configuration list for PBXNativeTarget "SwiftArgParse" */ = {
			isa = XCConfigurationList;
			buildConfigurations = (
				669973D71F64A15B004ED5B3 /* Debug */,
				669973D81F64A15B004ED5B3 /* Release */,
			);
			defaultConfigurationIsVisible = 0;
			defaultConfigurationName = Release;
		};
		669973E71F652D26004ED5B3 /* Build configuration list for PBXNativeTarget "ArgParseTests" */ = {
			isa = XCConfigurationList;
			buildConfigurations = (
				669973E81F652D26004ED5B3 /* Debug */,
				669973E91F652D26004ED5B3 /* Release */,
			);
			defaultConfigurationIsVisible = 0;
			defaultConfigurationName = Release;
		};
/* End XCConfigurationList section */
	};
	rootObject = 669973C71F64A15B004ED5B3 /* Project object */;
}
